
Microsoft Visual Studio Solution File, Format Version 12.00
# Visual Studio Version 16
VisualStudioVersion = 16.0.31515.178
MinimumVisualStudioVersion = 10.0.40219.1
Project("{9A19103F-16F7-4668-BE54-9A1E7A4F7556}") = "ECSCoreTests", "ECSCoreTests\ECSCoreTests.csproj", "{C1788E43-598F-4CB8-AA69-BF5543087EEF}"
EndProject
Project("{FAE04EC0-301F-11D3-BF4B-00C04F79EFBC}") = "ECSCoreLib", "ECSCoreLib\ECSCoreLib.csproj", "{2F63CFF3-255A-4F91-BB44-CA7018FA1CAD}"
EndProject
Project("{FAE04EC0-301F-11D3-BF4B-00C04F79EFBC}") = "GameLib", "GameLib\GameLib.csproj", "{74FA24F3-C0CF-48FF-BCE2-F3A489B84119}"
EndProject
Global
	GlobalSection(SolutionConfigurationPlatforms) = preSolution
		Debug|Any CPU = Debug|Any CPU
		Debug|x64 = Debug|x64
		Release|Any CPU = Release|Any CPU
		Release|x64 = Release|x64
	EndGlobalSection
	GlobalSection(ProjectConfigurationPlatforms) = postSolution
		{C1788E43-598F-4CB8-AA69-BF5543087EEF}.Debug|Any CPU.ActiveCfg = Debug|Any CPU
		{C1788E43-598F-4CB8-AA69-BF5543087EEF}.Debug|Any CPU.Build.0 = Debug|Any CPU
		{C1788E43-598F-4CB8-AA69-BF5543087EEF}.Debug|x64.ActiveCfg = Debug|x64
		{C1788E43-598F-4CB8-AA69-BF5543087EEF}.Debug|x64.Build.0 = Debug|x64
		{C1788E43-598F-4CB8-AA69-BF5543087EEF}.Release|Any CPU.ActiveCfg = Release|Any CPU
		{C1788E43-598F-4CB8-AA69-BF5543087EEF}.Release|Any CPU.Build.0 = Release|Any CPU
		{C1788E43-598F-4CB8-AA69-BF5543087EEF}.Release|x64.ActiveCfg = Release|x64
		{C1788E43-598F-4CB8-AA69-BF5543087EEF}.Release|x64.Build.0 = Release|x64
		{2F63CFF3-255A-4F91-BB44-CA7018FA1CAD}.Debug|Any CPU.ActiveCfg = Debug|Any CPU
		{2F63CFF3-255A-4F91-BB44-CA7018FA1CAD}.Debug|Any CPU.Build.0 = Debug|Any CPU
		{2F63CFF3-255A-4F91-BB44-CA7018FA1CAD}.Debug|x64.ActiveCfg = Debug|x64
		{2F63CFF3-255A-4F91-BB44-CA7018FA1CAD}.Debug|x64.Build.0 = Debug|x64
		{2F63CFF3-255A-4F91-BB44-CA7018FA1CAD}.Release|Any CPU.ActiveCfg = Release|Any CPU
		{2F63CFF3-255A-4F91-BB44-CA7018FA1CAD}.Release|Any CPU.Build.0 = Release|Any CPU
		{2F63CFF3-255A-4F91-BB44-CA7018FA1CAD}.Release|x64.ActiveCfg = Release|x64
		{2F63CFF3-255A-4F91-BB44-CA7018FA1CAD}.Release|x64.Build.0 = Release|x64
		{74FA24F3-C0CF-48FF-BCE2-F3A489B84119}.Debug|Any CPU.ActiveCfg = Debug|Any CPU
		{74FA24F3-C0CF-48FF-BCE2-F3A489B84119}.Debug|Any CPU.Build.0 = Debug|Any CPU
		{74FA24F3-C0CF-48FF-BCE2-F3A489B84119}.Debug|x64.ActiveCfg = Debug|x64
		{74FA24F3-C0CF-48FF-BCE2-F3A489B84119}.Debug|x64.Build.0 = Debug|x64
		{74FA24F3-C0CF-48FF-BCE2-F3A489B84119}.Release|Any CPU.ActiveCfg = Release|Any CPU
		{74FA24F3-C0CF-48FF-BCE2-F3A489B84119}.Release|Any CPU.Build.0 = Release|Any CPU
		{74FA24F3-C0CF-48FF-BCE2-F3A489B84119}.Release|x64.ActiveCfg = Release|x64
		{74FA24F3-C0CF-48FF-BCE2-F3A489B84119}.Release|x64.Build.0 = Release|x64
	EndGlobalSection
	GlobalSection(SolutionProperties) = preSolution
		HideSolutionNode = FALSE
	EndGlobalSection
	GlobalSection(ExtensibilityGlobals) = postSolution
		SolutionGuid = {5CB4F892-1695-44BF-996B-4ECB3F619C88}
	EndGlobalSection
EndGlobal
