
Microsoft Visual Studio Solution File, Format Version 12.00
# Visual Studio Version 16
VisualStudioVersion = 16.0.31515.178
MinimumVisualStudioVersion = 10.0.40219.1
Project("{9A19103F-16F7-4668-BE54-9A1E7A4F7556}") = "ECSCore", "ECSCore\ECSCore.csproj", "{AE1207A7-0787-4F07-9735-AB49B48E113D}"
EndProject
Project("{9A19103F-16F7-4668-BE54-9A1E7A4F7556}") = "Game", "Game\Game.csproj", "{BFF9D4BB-200E-4B1D-8C16-921EAE562FA0}"
EndProject
Project("{9A19103F-16F7-4668-BE54-9A1E7A4F7556}") = "ECSCoreTests", "ECSCoreTests\ECSCoreTests.csproj", "{C1788E43-598F-4CB8-AA69-BF5543087EEF}"
EndProject
Project("{9A19103F-16F7-4668-BE54-9A1E7A4F7556}") = "LibMath", "LibMath\LibMath.csproj", "{CD68144D-B368-4206-A29D-33A2639ABF96}"
EndProject
Project("{9A19103F-16F7-4668-BE54-9A1E7A4F7556}") = "GameTests", "GameTests\GameTests.csproj", "{591BE7A0-0FE0-4C4B-A3F6-BDBD3F6C2478}"
EndProject
Project("{FAE04EC0-301F-11D3-BF4B-00C04F79EFBC}") = "ECSCoreUnityIntegration", "ECSCoreUnityIntegration\ECSCoreUnityIntegration.csproj", "{1E6A94E5-0654-4DA2-B264-784C99DAE908}"
EndProject
Global
	GlobalSection(SolutionConfigurationPlatforms) = preSolution
		Debug|Any CPU = Debug|Any CPU
		Release|Any CPU = Release|Any CPU
	EndGlobalSection
	GlobalSection(ProjectConfigurationPlatforms) = postSolution
		{AE1207A7-0787-4F07-9735-AB49B48E113D}.Debug|Any CPU.ActiveCfg = Debug|Any CPU
		{AE1207A7-0787-4F07-9735-AB49B48E113D}.Debug|Any CPU.Build.0 = Debug|Any CPU
		{AE1207A7-0787-4F07-9735-AB49B48E113D}.Release|Any CPU.ActiveCfg = Release|Any CPU
		{AE1207A7-0787-4F07-9735-AB49B48E113D}.Release|Any CPU.Build.0 = Release|Any CPU
		{BFF9D4BB-200E-4B1D-8C16-921EAE562FA0}.Debug|Any CPU.ActiveCfg = Debug|Any CPU
		{BFF9D4BB-200E-4B1D-8C16-921EAE562FA0}.Debug|Any CPU.Build.0 = Debug|Any CPU
		{BFF9D4BB-200E-4B1D-8C16-921EAE562FA0}.Release|Any CPU.ActiveCfg = Release|Any CPU
		{BFF9D4BB-200E-4B1D-8C16-921EAE562FA0}.Release|Any CPU.Build.0 = Release|Any CPU
		{C1788E43-598F-4CB8-AA69-BF5543087EEF}.Debug|Any CPU.ActiveCfg = Debug|Any CPU
		{C1788E43-598F-4CB8-AA69-BF5543087EEF}.Debug|Any CPU.Build.0 = Debug|Any CPU
		{C1788E43-598F-4CB8-AA69-BF5543087EEF}.Release|Any CPU.ActiveCfg = Release|Any CPU
		{C1788E43-598F-4CB8-AA69-BF5543087EEF}.Release|Any CPU.Build.0 = Release|Any CPU
		{CD68144D-B368-4206-A29D-33A2639ABF96}.Debug|Any CPU.ActiveCfg = Debug|Any CPU
		{CD68144D-B368-4206-A29D-33A2639ABF96}.Debug|Any CPU.Build.0 = Debug|Any CPU
		{CD68144D-B368-4206-A29D-33A2639ABF96}.Release|Any CPU.ActiveCfg = Release|Any CPU
		{CD68144D-B368-4206-A29D-33A2639ABF96}.Release|Any CPU.Build.0 = Release|Any CPU
		{591BE7A0-0FE0-4C4B-A3F6-BDBD3F6C2478}.Debug|Any CPU.ActiveCfg = Debug|Any CPU
		{591BE7A0-0FE0-4C4B-A3F6-BDBD3F6C2478}.Debug|Any CPU.Build.0 = Debug|Any CPU
		{591BE7A0-0FE0-4C4B-A3F6-BDBD3F6C2478}.Release|Any CPU.ActiveCfg = Release|Any CPU
		{591BE7A0-0FE0-4C4B-A3F6-BDBD3F6C2478}.Release|Any CPU.Build.0 = Release|Any CPU
		{1E6A94E5-0654-4DA2-B264-784C99DAE908}.Debug|Any CPU.ActiveCfg = Debug|Any CPU
		{1E6A94E5-0654-4DA2-B264-784C99DAE908}.Debug|Any CPU.Build.0 = Debug|Any CPU
		{1E6A94E5-0654-4DA2-B264-784C99DAE908}.Release|Any CPU.ActiveCfg = Release|Any CPU
		{1E6A94E5-0654-4DA2-B264-784C99DAE908}.Release|Any CPU.Build.0 = Release|Any CPU
	EndGlobalSection
	GlobalSection(SolutionProperties) = preSolution
		HideSolutionNode = FALSE
	EndGlobalSection
	GlobalSection(ExtensibilityGlobals) = postSolution
		SolutionGuid = {5CB4F892-1695-44BF-996B-4ECB3F619C88}
	EndGlobalSection
EndGlobal
